<?xml version="1.0" encoding="utf-8"?>
<Project ToolsVersion="4.0" xmlns="http://schemas.microsoft.com/developer/msbuild/2003">
  <ItemGroup>
    <Filter Include="Source Files">
      <UniqueIdentifier>{4FC737F1-C7A5-4376-A066-2A32D752A2FF}</UniqueIdentifier>
      <Extensions>cpp;c;cc;cxx;def;odl;idl;hpj;bat;asm;asmx</Extensions>
    </Filter>
    <Filter Include="Header Files">
      <UniqueIdentifier>{93995380-89BD-4b04-88EB-625FBE52EBFB}</UniqueIdentifier>
      <Extensions>h;hh;hpp;hxx;hm;inl;inc;xsd</Extensions>
    </Filter>
    <Filter Include="Resource Files">
      <UniqueIdentifier>{67DA6AB6-F800-4c08-8B7A-83BB121AAD01}</UniqueIdentifier>
      <Extensions>rc;ico;cur;bmp;dlg;rc2;rct;bin;rgs;gif;jpg;jpeg;jpe;resx;tiff;tif;png;wav;mfcribbon-ms</Extensions>
    </Filter>
  </ItemGroup>
  <ItemGroup>
    <ClInclude Include="targetver.h">
      <Filter>Header Files</Filter>
    </ClInclude>
    <ClInclude Include="shared\cga_glyphs.h">
      <Filter>Header Files</Filter>
    </ClInclude>
    <ClInclude Include="shared\debug_disasm.h">
      <Filter>Header Files</Filter>
    </ClInclude>
    <ClInclude Include="shared\file_dialog.h">
      <Filter>Header Files</Filter>
    </ClInclude>
    <ClInclude Include="shared\serial_emulation.h">
      <Filter>Header Files</Filter>
    </ClInclude>
    <ClInclude Include="shared\serial_hw.h">
      <Filter>Header Files</Filter>
    </ClInclude>
    <ClInclude Include="shared\vga_glyphs.h">
      <Filter>Header Files</Filter>
    </ClInclude>
    <ClInclude Include="shared\8086tiny_interface.h">
      <Filter>Header Files</Filter>
    </ClInclude>
    <ClInclude Include="shared\resource.h">
      <Filter>Header Files</Filter>
    </ClInclude>
    <ClInclude Include="shared\midi.h">
      <Filter>Header Files</Filter>
    </ClInclude>
    <ClInclude Include="shared\ym3812.h">
      <Filter>Header Files</Filter>
    </ClInclude>
    <ClInclude Include="shared\adlib.h">
      <Filter>Header Files</Filter>
    </ClInclude>
    <ClInclude Include="shared\win32_cga.h">
      <Filter>Header Files</Filter>
    </ClInclude>
    <ClInclude Include="shared\win32_cpu_speed_dialog.h">
      <Filter>Header Files</Filter>
    </ClInclude>
    <ClInclude Include="shared\win32_debug.h">
      <Filter>Header Files</Filter>
    </ClInclude>
    <ClInclude Include="shared\win32_serial_cfg.h">
      <Filter>Header Files</Filter>
    </ClInclude>
    <ClInclude Include="shared\win32_snd_drv.h">
      <Filter>Header Files</Filter>
    </ClInclude>
    <ClInclude Include="shared\win32_sound_cfg.h">
      <Filter>Header Files</Filter>
    </ClInclude>
    <ClInclude Include="Shared\ne2000.h">
      <Filter>Header Files</Filter>
    </ClInclude>
    <ClInclude Include="shared\protuser.h">
      <Filter>Header Files</Filter>
    </ClInclude>
    <ClInclude Include="shared\ndishelper.h">
      <Filter>Header Files</Filter>
    </ClInclude>
    <ClInclude Include="shared\pcap_helper.h">
      <Filter>Header Files</Filter>
    </ClInclude>
  </ItemGroup>
  <ItemGroup>
    <ClCompile Include="8086TinyPlusVCC.cpp">
      <Filter>Source Files</Filter>
    </ClCompile>
    <ClCompile Include="shared\win32_8086tiny_interface.cpp">
      <Filter>Source Files</Filter>
    </ClCompile>
    <ClCompile Include="shared\win32_cga.cpp">
      <Filter>Source Files</Filter>
    </ClCompile>
    <ClCompile Include="shared\win32_cpu_speed_dialog.cpp">
      <Filter>Source Files</Filter>
    </ClCompile>
    <ClCompile Include="shared\win32_debug.cpp">
      <Filter>Source Files</Filter>
    </ClCompile>
    <ClCompile Include="shared\win32_file_dialog.cpp">
      <Filter>Source Files</Filter>
    </ClCompile>
    <ClCompile Include="shared\win32_serial_cfg.cpp">
      <Filter>Source Files</Filter>
    </ClCompile>
    <ClCompile Include="shared\win32_serial_hw.cpp">
      <Filter>Source Files</Filter>
    </ClCompile>
    <ClCompile Include="shared\win32_snd_drv.cpp">
      <Filter>Source Files</Filter>
    </ClCompile>
    <ClCompile Include="shared\win32_sound_cfg.cpp">
      <Filter>Source Files</Filter>
    </ClCompile>
    <ClCompile Include="shared\serial_emulation.cpp">
      <Filter>Source Files</Filter>
    </ClCompile>
    <ClCompile Include="shared\cga_glyphs.cpp">
      <Filter>Source Files</Filter>
    </ClCompile>
    <ClCompile Include="shared\debug_disasm.cpp">
      <Filter>Source Files</Filter>
    </ClCompile>
    <ClCompile Include="shared\vga_glyphs.cpp">
      <Filter>Source Files</Filter>
    </ClCompile>
    <ClCompile Include="shared\midi.cpp">
      <Filter>Source Files</Filter>
    </ClCompile>
    <ClCompile Include="shared\ym3812.cpp">
      <Filter>Source Files</Filter>
    </ClCompile>
    <ClCompile Include="shared\adlib.cpp">
      <Filter>Source Files</Filter>
    </ClCompile>
    <ClCompile Include="shared\ne2000.cpp">
      <Filter>Source Files</Filter>
    </ClCompile>
    <ClCompile Include="shared\ndishelper.cpp">
      <Filter>Source Files</Filter>
    </ClCompile>
    <ClCompile Include="shared\pcap_helper.cpp">
      <Filter>Source Files</Filter>
    </ClCompile>
  </ItemGroup>
  <ItemGroup>
    <Image Include="small.ico">
      <Filter>Resource Files</Filter>
    </Image>
  </ItemGroup>
  <ItemGroup>
    <None Include="..\default.cfg" />
    <None Include="..\bios_cga" />
    <None Include="..\bios_cga.asm">
      <Filter>Source Files</Filter>
    </None>
  </ItemGroup>
  <ItemGroup>
    <Text Include="..\license.txt" />
    <Text Include="..\ReadMe.txt" />
  </ItemGroup>
  <ItemGroup>
    <ResourceCompile Include="8086tiny_interface_win.rc">
      <Filter>Resource Files</Filter>
    </ResourceCompile>
  </ItemGroup>
</Project>